
Microsoft Visual Studio Solution File, Format Version 12.00
# Visual Studio Version 17
VisualStudioVersion = 17.7.34221.43
MinimumVisualStudioVersion = 10.0.40219.1
Project("{8BC9CEB8-8B4A-11D0-8D11-00A0C91BC942}") = "SimpleResourceHotReload", "SimpleResourceHotReload\SimpleResourceHotReload.vcxproj", "{015FF976-022C-4683-AF89-BAA5C35ECBF4}"
EndProject
Global
	GlobalSection(SolutionConfigurationPlatforms) = preSolution
		Debug|x64 = Debug|x64
		Debug|x86 = Debug|x86
		Release|x64 = Release|x64
		Release|x86 = Release|x86
	EndGlobalSection
	GlobalSection(ProjectConfigurationPlatforms) = postSolution
		{015FF976-022C-4683-AF89-BAA5C35ECBF4}.Debug|x64.ActiveCfg = Debug|x64
		{015FF976-022C-4683-AF89-BAA5C35ECBF4}.Debug|x64.Build.0 = Debug|x64
		{015FF976-022C-4683-AF89-BAA5C35ECBF4}.Debug|x86.ActiveCfg = Debug|Win32
		{015FF976-022C-4683-AF89-BAA5C35ECBF4}.Debug|x86.Build.0 = Debug|Win32
		{015FF976-022C-4683-AF89-BAA5C35ECBF4}.Release|x64.ActiveCfg = Release|x64
		{015FF976-022C-4683-AF89-BAA5C35ECBF4}.Release|x64.Build.0 = Release|x64
		{015FF976-022C-4683-AF89-BAA5C35ECBF4}.Release|x86.ActiveCfg = Release|Win32
		{015FF976-022C-4683-AF89-BAA5C35ECBF4}.Release|x86.Build.0 = Release|Win32
	EndGlobalSection
	GlobalSection(SolutionProperties) = preSolution
		HideSolutionNode = FALSE
	EndGlobalSection
	GlobalSection(ExtensibilityGlobals) = postSolution
		SolutionGuid = {93C48F4D-2B5A-4800-B3ED-954D971067E7}
	EndGlobalSection
EndGlobal
